
Microsoft Visual Studio Solution File, Format Version 12.00
# Visual Studio Version 17
VisualStudioVersion = 17.0.31903.59
MinimumVisualStudioVersion = 10.0.40219.1
Project("{2150E333-8FDC-42A3-9474-1A3956D46DE8}") = "src", "src", "{827E0CD3-B72D-47B6-A68D-7590B98EB39B}"
EndProject
Project("{FAE04EC0-301F-11D3-BF4B-00C04F79EFBC}") = "API", "src\API\API.csproj", "{23841063-463A-40EE-A6B7-71D04A3999BF}"
EndProject
Project("{FAE04EC0-301F-11D3-BF4B-00C04F79EFBC}") = "Application", "src\Application\Application.csproj", "{942B7716-3030-481A-A540-4B8B8C8961CF}"
EndProject
Project("{FAE04EC0-301F-11D3-BF4B-00C04F79EFBC}") = "Domain", "src\Domain\Domain.csproj", "{3AEEBB3E-CE25-482F-BA7B-F5732D8B241D}"
EndProject
Project("{FAE04EC0-301F-11D3-BF4B-00C04F79EFBC}") = "Infrastructure", "src\Infrastructure\Infrastructure.csproj", "{6AE9633F-6C1B-494C-9710-737236362CC0}"
EndProject
Project("{2150E333-8FDC-42A3-9474-1A3956D46DE8}") = "tests", "tests", "{0AB3BF05-4346-4AA6-1389-037BE0695223}"
EndProject
Project("{FAE04EC0-301F-11D3-BF4B-00C04F79EFBC}") = "API.Tests", "tests\API.Tests\API.Tests.csproj", "{E1894763-D8BD-401E-8636-82609B708BAD}"
EndProject
Project("{FAE04EC0-301F-11D3-BF4B-00C04F79EFBC}") = "Application.Tests", "tests\Application.Tests\Application.Tests.csproj", "{7439C026-AA77-4DA9-9073-AF9FADFC39E9}"
EndProject
Project("{FAE04EC0-301F-11D3-BF4B-00C04F79EFBC}") = "Infrastructure.Tests", "tests\Infrastructure.Tests\Infrastructure.Tests.csproj", "{5645C156-625E-444E-950B-AB1297D0987C}"
EndProject
Global
	GlobalSection(SolutionConfigurationPlatforms) = preSolution
		Debug|Any CPU = Debug|Any CPU
		Debug|x64 = Debug|x64
		Debug|x86 = Debug|x86
		Release|Any CPU = Release|Any CPU
		Release|x64 = Release|x64
		Release|x86 = Release|x86
	EndGlobalSection
	GlobalSection(ProjectConfigurationPlatforms) = postSolution
		{23841063-463A-40EE-A6B7-71D04A3999BF}.Debug|Any CPU.ActiveCfg = Debug|Any CPU
		{23841063-463A-40EE-A6B7-71D04A3999BF}.Debug|Any CPU.Build.0 = Debug|Any CPU
		{23841063-463A-40EE-A6B7-71D04A3999BF}.Debug|x64.ActiveCfg = Debug|Any CPU
		{23841063-463A-40EE-A6B7-71D04A3999BF}.Debug|x64.Build.0 = Debug|Any CPU
		{23841063-463A-40EE-A6B7-71D04A3999BF}.Debug|x86.ActiveCfg = Debug|Any CPU
		{23841063-463A-40EE-A6B7-71D04A3999BF}.Debug|x86.Build.0 = Debug|Any CPU
		{23841063-463A-40EE-A6B7-71D04A3999BF}.Release|Any CPU.ActiveCfg = Release|Any CPU
		{23841063-463A-40EE-A6B7-71D04A3999BF}.Release|Any CPU.Build.0 = Release|Any CPU
		{23841063-463A-40EE-A6B7-71D04A3999BF}.Release|x64.ActiveCfg = Release|Any CPU
		{23841063-463A-40EE-A6B7-71D04A3999BF}.Release|x64.Build.0 = Release|Any CPU
		{23841063-463A-40EE-A6B7-71D04A3999BF}.Release|x86.ActiveCfg = Release|Any CPU
		{23841063-463A-40EE-A6B7-71D04A3999BF}.Release|x86.Build.0 = Release|Any CPU
		{942B7716-3030-481A-A540-4B8B8C8961CF}.Debug|Any CPU.ActiveCfg = Debug|Any CPU
		{942B7716-3030-481A-A540-4B8B8C8961CF}.Debug|Any CPU.Build.0 = Debug|Any CPU
		{942B7716-3030-481A-A540-4B8B8C8961CF}.Debug|x64.ActiveCfg = Debug|Any CPU
		{942B7716-3030-481A-A540-4B8B8C8961CF}.Debug|x64.Build.0 = Debug|Any CPU
		{942B7716-3030-481A-A540-4B8B8C8961CF}.Debug|x86.ActiveCfg = Debug|Any CPU
		{942B7716-3030-481A-A540-4B8B8C8961CF}.Debug|x86.Build.0 = Debug|Any CPU
		{942B7716-3030-481A-A540-4B8B8C8961CF}.Release|Any CPU.ActiveCfg = Release|Any CPU
		{942B7716-3030-481A-A540-4B8B8C8961CF}.Release|Any CPU.Build.0 = Release|Any CPU
		{942B7716-3030-481A-A540-4B8B8C8961CF}.Release|x64.ActiveCfg = Release|Any CPU
		{942B7716-3030-481A-A540-4B8B8C8961CF}.Release|x64.Build.0 = Release|Any CPU
		{942B7716-3030-481A-A540-4B8B8C8961CF}.Release|x86.ActiveCfg = Release|Any CPU
		{942B7716-3030-481A-A540-4B8B8C8961CF}.Release|x86.Build.0 = Release|Any CPU
		{3AEEBB3E-CE25-482F-BA7B-F5732D8B241D}.Debug|Any CPU.ActiveCfg = Debug|Any CPU
		{3AEEBB3E-CE25-482F-BA7B-F5732D8B241D}.Debug|Any CPU.Build.0 = Debug|Any CPU
		{3AEEBB3E-CE25-482F-BA7B-F5732D8B241D}.Debug|x64.ActiveCfg = Debug|Any CPU
		{3AEEBB3E-CE25-482F-BA7B-F5732D8B241D}.Debug|x64.Build.0 = Debug|Any CPU
		{3AEEBB3E-CE25-482F-BA7B-F5732D8B241D}.Debug|x86.ActiveCfg = Debug|Any CPU
		{3AEEBB3E-CE25-482F-BA7B-F5732D8B241D}.Debug|x86.Build.0 = Debug|Any CPU
		{3AEEBB3E-CE25-482F-BA7B-F5732D8B241D}.Release|Any CPU.ActiveCfg = Release|Any CPU
		{3AEEBB3E-CE25-482F-BA7B-F5732D8B241D}.Release|Any CPU.Build.0 = Release|Any CPU
		{3AEEBB3E-CE25-482F-BA7B-F5732D8B241D}.Release|x64.ActiveCfg = Release|Any CPU
		{3AEEBB3E-CE25-482F-BA7B-F5732D8B241D}.Release|x64.Build.0 = Release|Any CPU
		{3AEEBB3E-CE25-482F-BA7B-F5732D8B241D}.Release|x86.ActiveCfg = Release|Any CPU
		{3AEEBB3E-CE25-482F-BA7B-F5732D8B241D}.Release|x86.Build.0 = Release|Any CPU
		{6AE9633F-6C1B-494C-9710-737236362CC0}.Debug|Any CPU.ActiveCfg = Debug|Any CPU
		{6AE9633F-6C1B-494C-9710-737236362CC0}.Debug|Any CPU.Build.0 = Debug|Any CPU
		{6AE9633F-6C1B-494C-9710-737236362CC0}.Debug|x64.ActiveCfg = Debug|Any CPU
		{6AE9633F-6C1B-494C-9710-737236362CC0}.Debug|x64.Build.0 = Debug|Any CPU
		{6AE9633F-6C1B-494C-9710-737236362CC0}.Debug|x86.ActiveCfg = Debug|Any CPU
		{6AE9633F-6C1B-494C-9710-737236362CC0}.Debug|x86.Build.0 = Debug|Any CPU
		{6AE9633F-6C1B-494C-9710-737236362CC0}.Release|Any CPU.ActiveCfg = Release|Any CPU
		{6AE9633F-6C1B-494C-9710-737236362CC0}.Release|Any CPU.Build.0 = Release|Any CPU
		{6AE9633F-6C1B-494C-9710-737236362CC0}.Release|x64.ActiveCfg = Release|Any CPU
		{6AE9633F-6C1B-494C-9710-737236362CC0}.Release|x64.Build.0 = Release|Any CPU
		{6AE9633F-6C1B-494C-9710-737236362CC0}.Release|x86.ActiveCfg = Release|Any CPU
		{6AE9633F-6C1B-494C-9710-737236362CC0}.Release|x86.Build.0 = Release|Any CPU
		{E1894763-D8BD-401E-8636-82609B708BAD}.Debug|Any CPU.ActiveCfg = Debug|Any CPU
		{E1894763-D8BD-401E-8636-82609B708BAD}.Debug|Any CPU.Build.0 = Debug|Any CPU
		{E1894763-D8BD-401E-8636-82609B708BAD}.Debug|x64.ActiveCfg = Debug|Any CPU
		{E1894763-D8BD-401E-8636-82609B708BAD}.Debug|x64.Build.0 = Debug|Any CPU
		{E1894763-D8BD-401E-8636-82609B708BAD}.Debug|x86.ActiveCfg = Debug|Any CPU
		{E1894763-D8BD-401E-8636-82609B708BAD}.Debug|x86.Build.0 = Debug|Any CPU
		{E1894763-D8BD-401E-8636-82609B708BAD}.Release|Any CPU.ActiveCfg = Release|Any CPU
		{E1894763-D8BD-401E-8636-82609B708BAD}.Release|Any CPU.Build.0 = Release|Any CPU
		{E1894763-D8BD-401E-8636-82609B708BAD}.Release|x64.ActiveCfg = Release|Any CPU
		{E1894763-D8BD-401E-8636-82609B708BAD}.Release|x64.Build.0 = Release|Any CPU
		{E1894763-D8BD-401E-8636-82609B708BAD}.Release|x86.ActiveCfg = Release|Any CPU
		{E1894763-D8BD-401E-8636-82609B708BAD}.Release|x86.Build.0 = Release|Any CPU
		{7439C026-AA77-4DA9-9073-AF9FADFC39E9}.Debug|Any CPU.ActiveCfg = Debug|Any CPU
		{7439C026-AA77-4DA9-9073-AF9FADFC39E9}.Debug|Any CPU.Build.0 = Debug|Any CPU
		{7439C026-AA77-4DA9-9073-AF9FADFC39E9}.Debug|x64.ActiveCfg = Debug|Any CPU
		{7439C026-AA77-4DA9-9073-AF9FADFC39E9}.Debug|x64.Build.0 = Debug|Any CPU
		{7439C026-AA77-4DA9-9073-AF9FADFC39E9}.Debug|x86.ActiveCfg = Debug|Any CPU
		{7439C026-AA77-4DA9-9073-AF9FADFC39E9}.Debug|x86.Build.0 = Debug|Any CPU
		{7439C026-AA77-4DA9-9073-AF9FADFC39E9}.Release|Any CPU.ActiveCfg = Release|Any CPU
		{7439C026-AA77-4DA9-9073-AF9FADFC39E9}.Release|Any CPU.Build.0 = Release|Any CPU
		{7439C026-AA77-4DA9-9073-AF9FADFC39E9}.Release|x64.ActiveCfg = Release|Any CPU
		{7439C026-AA77-4DA9-9073-AF9FADFC39E9}.Release|x64.Build.0 = Release|Any CPU
		{7439C026-AA77-4DA9-9073-AF9FADFC39E9}.Release|x86.ActiveCfg = Release|Any CPU
		{7439C026-AA77-4DA9-9073-AF9FADFC39E9}.Release|x86.Build.0 = Release|Any CPU
		{5645C156-625E-444E-950B-AB1297D0987C}.Debug|Any CPU.ActiveCfg = Debug|Any CPU
		{5645C156-625E-444E-950B-AB1297D0987C}.Debug|Any CPU.Build.0 = Debug|Any CPU
		{5645C156-625E-444E-950B-AB1297D0987C}.Debug|x64.ActiveCfg = Debug|Any CPU
		{5645C156-625E-444E-950B-AB1297D0987C}.Debug|x64.Build.0 = Debug|Any CPU
		{5645C156-625E-444E-950B-AB1297D0987C}.Debug|x86.ActiveCfg = Debug|Any CPU
		{5645C156-625E-444E-950B-AB1297D0987C}.Debug|x86.Build.0 = Debug|Any CPU
		{5645C156-625E-444E-950B-AB1297D0987C}.Release|Any CPU.ActiveCfg = Release|Any CPU
		{5645C156-625E-444E-950B-AB1297D0987C}.Release|Any CPU.Build.0 = Release|Any CPU
		{5645C156-625E-444E-950B-AB1297D0987C}.Release|x64.ActiveCfg = Release|Any CPU
		{5645C156-625E-444E-950B-AB1297D0987C}.Release|x64.Build.0 = Release|Any CPU
		{5645C156-625E-444E-950B-AB1297D0987C}.Release|x86.ActiveCfg = Release|Any CPU
		{5645C156-625E-444E-950B-AB1297D0987C}.Release|x86.Build.0 = Release|Any CPU
	EndGlobalSection
	GlobalSection(SolutionProperties) = preSolution
		HideSolutionNode = FALSE
	EndGlobalSection
	GlobalSection(NestedProjects) = preSolution
		{23841063-463A-40EE-A6B7-71D04A3999BF} = {827E0CD3-B72D-47B6-A68D-7590B98EB39B}
		{942B7716-3030-481A-A540-4B8B8C8961CF} = {827E0CD3-B72D-47B6-A68D-7590B98EB39B}
		{3AEEBB3E-CE25-482F-BA7B-F5732D8B241D} = {827E0CD3-B72D-47B6-A68D-7590B98EB39B}
		{6AE9633F-6C1B-494C-9710-737236362CC0} = {827E0CD3-B72D-47B6-A68D-7590B98EB39B}
		{E1894763-D8BD-401E-8636-82609B708BAD} = {0AB3BF05-4346-4AA6-1389-037BE0695223}
		{7439C026-AA77-4DA9-9073-AF9FADFC39E9} = {0AB3BF05-4346-4AA6-1389-037BE0695223}
		{5645C156-625E-444E-950B-AB1297D0987C} = {0AB3BF05-4346-4AA6-1389-037BE0695223}
	EndGlobalSection
	GlobalSection(ExtensibilityGlobals) = postSolution
		SolutionGuid = {6D8CA0D1-A1FD-480C-A01E-E5A74A8D2A9E}
	EndGlobalSection
EndGlobal
